
Microsoft Visual Studio Solution File, Format Version 12.00
# Visual Studio Version 17
VisualStudioVersion = 17.11.35222.181
MinimumVisualStudioVersion = 10.0.40219.1
Project("{8BC9CEB8-8B4A-11D0-8D11-00A0C91BC942}") = "shiyan4-11", "shiyan4-11\shiyan4-11.vcxproj", "{25643A87-E51A-4658-985B-D7EBF3C36389}"
EndProject
Global
	GlobalSection(SolutionConfigurationPlatforms) = preSolution
		Debug|x64 = Debug|x64
		Debug|x86 = Debug|x86
		Release|x64 = Release|x64
		Release|x86 = Release|x86
	EndGlobalSection
	GlobalSection(ProjectConfigurationPlatforms) = postSolution
		{25643A87-E51A-4658-985B-D7EBF3C36389}.Debug|x64.ActiveCfg = Debug|x64
		{25643A87-E51A-4658-985B-D7EBF3C36389}.Debug|x64.Build.0 = Debug|x64
		{25643A87-E51A-4658-985B-D7EBF3C36389}.Debug|x86.ActiveCfg = Debug|Win32
		{25643A87-E51A-4658-985B-D7EBF3C36389}.Debug|x86.Build.0 = Debug|Win32
		{25643A87-E51A-4658-985B-D7EBF3C36389}.Release|x64.ActiveCfg = Release|x64
		{25643A87-E51A-4658-985B-D7EBF3C36389}.Release|x64.Build.0 = Release|x64
		{25643A87-E51A-4658-985B-D7EBF3C36389}.Release|x86.ActiveCfg = Release|Win32
		{25643A87-E51A-4658-985B-D7EBF3C36389}.Release|x86.Build.0 = Release|Win32
	EndGlobalSection
	GlobalSection(SolutionProperties) = preSolution
		HideSolutionNode = FALSE
	EndGlobalSection
	GlobalSection(ExtensibilityGlobals) = postSolution
		SolutionGuid = {AB0805E5-0461-4771-925E-ECF9197F18D4}
	EndGlobalSection
EndGlobal
