
Microsoft Visual Studio Solution File, Format Version 12.00
# Visual Studio Version 17
VisualStudioVersion = 17.11.35222.181
MinimumVisualStudioVersion = 10.0.40219.1
Project("{8BC9CEB8-8B4A-11D0-8D11-00A0C91BC942}") = "shiyan2-9", "shiyan2-9\shiyan2-9.vcxproj", "{FFAE6DCA-E070-4173-840C-869C8DFFC311}"
EndProject
Global
	GlobalSection(SolutionConfigurationPlatforms) = preSolution
		Debug|x64 = Debug|x64
		Debug|x86 = Debug|x86
		Release|x64 = Release|x64
		Release|x86 = Release|x86
	EndGlobalSection
	GlobalSection(ProjectConfigurationPlatforms) = postSolution
		{FFAE6DCA-E070-4173-840C-869C8DFFC311}.Debug|x64.ActiveCfg = Debug|x64
		{FFAE6DCA-E070-4173-840C-869C8DFFC311}.Debug|x64.Build.0 = Debug|x64
		{FFAE6DCA-E070-4173-840C-869C8DFFC311}.Debug|x86.ActiveCfg = Debug|Win32
		{FFAE6DCA-E070-4173-840C-869C8DFFC311}.Debug|x86.Build.0 = Debug|Win32
		{FFAE6DCA-E070-4173-840C-869C8DFFC311}.Release|x64.ActiveCfg = Release|x64
		{FFAE6DCA-E070-4173-840C-869C8DFFC311}.Release|x64.Build.0 = Release|x64
		{FFAE6DCA-E070-4173-840C-869C8DFFC311}.Release|x86.ActiveCfg = Release|Win32
		{FFAE6DCA-E070-4173-840C-869C8DFFC311}.Release|x86.Build.0 = Release|Win32
	EndGlobalSection
	GlobalSection(SolutionProperties) = preSolution
		HideSolutionNode = FALSE
	EndGlobalSection
	GlobalSection(ExtensibilityGlobals) = postSolution
		SolutionGuid = {C629FDDA-CD57-4591-9B4E-3B1F7F5A5D9C}
	EndGlobalSection
EndGlobal
